{
  "requires": true,
  "lockfileVersion": 1,
  "dependencies": {
    "howler": {
      "version": "2.2.1",
      "resolved": "https://registry.npmjs.org/howler/-/howler-2.2.1.tgz",
      "integrity": "sha512-0iIXvuBO/81CcrQ/HSSweYmbT50fT2mIc9XMFb+kxIfk2pW/iKzDbX1n3fZmDXMEIpYvyyfrB+gXwPYSDqUxIQ=="
    },
    "use-sound": {
      "version": "2.0.2",
      "resolved": "https://registry.npmjs.org/use-sound/-/use-sound-2.0.2.tgz",
      "integrity": "sha512-e8uB1ohhMv7eTEBXMM91IcNdV3WIccx9eEi9gdIzeTbcCQsnfkxoHIjXX2jRZNt1HQ617kj6Fa/VzVZpzgTSfA==",
      "requires": {
        "howler": "^2.1.3"
      }
    }
  }
}
